
Microsoft Visual Studio Solution File, Format Version 12.00
# Visual Studio Version 17
VisualStudioVersion = 17.10.34902.84
MinimumVisualStudioVersion = 10.0.40219.1
Project("{9A19103F-16F7-4668-BE54-9A1E7A4F7556}") = "TradeNetworkExchange", "TradeNetworkExchange.csproj", "{CCD853BE-53C2-4E9B-A66E-A1D0AC98D8CD}"
EndProject
Global
	GlobalSection(SolutionConfigurationPlatforms) = preSolution
		Debug|Any CPU = Debug|Any CPU
		Release|Any CPU = Release|Any CPU
	EndGlobalSection
	GlobalSection(ProjectConfigurationPlatforms) = postSolution
		{CCD853BE-53C2-4E9B-A66E-A1D0AC98D8CD}.Debug|Any CPU.ActiveCfg = Debug|Any CPU
		{CCD853BE-53C2-4E9B-A66E-A1D0AC98D8CD}.Debug|Any CPU.Build.0 = Debug|Any CPU
		{CCD853BE-53C2-4E9B-A66E-A1D0AC98D8CD}.Release|Any CPU.ActiveCfg = Release|Any CPU
		{CCD853BE-53C2-4E9B-A66E-A1D0AC98D8CD}.Release|Any CPU.Build.0 = Release|Any CPU
	EndGlobalSection
	GlobalSection(SolutionProperties) = preSolution
		HideSolutionNode = FALSE
	EndGlobalSection
	GlobalSection(ExtensibilityGlobals) = postSolution
		SolutionGuid = {605BBD7D-1333-4A1C-9761-970621391CC0}
	EndGlobalSection
EndGlobal
